
Microsoft Visual Studio Solution File, Format Version 12.00
# Visual Studio 15
VisualStudioVersion = 15.0.28010.2050
MinimumVisualStudioVersion = 10.0.40219.1
Project("{FAE04EC0-301F-11D3-BF4B-00C04F79EFBC}") = "AppXamarim.Android", "AppXamarim\AppXamarim.Android\AppXamarim.Android.csproj", "{C5FB9FA7-22CE-4D5F-B7DF-194C3AD2B251}"
EndProject
Project("{FAE04EC0-301F-11D3-BF4B-00C04F79EFBC}") = "AppXamarim.iOS", "AppXamarim\AppXamarim.iOS\AppXamarim.iOS.csproj", "{3BBE4DA0-6FB9-4B0C-AFCD-7AB97F72E04B}"
EndProject
Project("{9A19103F-16F7-4668-BE54-9A1E7A4F7556}") = "AppXamarim", "AppXamarim\AppXamarim\AppXamarim.csproj", "{9947F925-B7A1-441D-84DE-1E034F15ABD2}"
EndProject
Global
	GlobalSection(SolutionConfigurationPlatforms) = preSolution
		Ad-Hoc|Any CPU = Ad-Hoc|Any CPU
		Ad-Hoc|iPhone = Ad-Hoc|iPhone
		Ad-Hoc|iPhoneSimulator = Ad-Hoc|iPhoneSimulator
		AppStore|Any CPU = AppStore|Any CPU
		AppStore|iPhone = AppStore|iPhone
		AppStore|iPhoneSimulator = AppStore|iPhoneSimulator
		Debug|Any CPU = Debug|Any CPU
		Debug|iPhone = Debug|iPhone
		Debug|iPhoneSimulator = Debug|iPhoneSimulator
		Release|Any CPU = Release|Any CPU
		Release|iPhone = Release|iPhone
		Release|iPhoneSimulator = Release|iPhoneSimulator
	EndGlobalSection
	GlobalSection(ProjectConfigurationPlatforms) = postSolution
		{C5FB9FA7-22CE-4D5F-B7DF-194C3AD2B251}.Ad-Hoc|Any CPU.ActiveCfg = Release|Any CPU
		{C5FB9FA7-22CE-4D5F-B7DF-194C3AD2B251}.Ad-Hoc|Any CPU.Build.0 = Release|Any CPU
		{C5FB9FA7-22CE-4D5F-B7DF-194C3AD2B251}.Ad-Hoc|Any CPU.Deploy.0 = Release|Any CPU
		{C5FB9FA7-22CE-4D5F-B7DF-194C3AD2B251}.Ad-Hoc|iPhone.ActiveCfg = Release|Any CPU
		{C5FB9FA7-22CE-4D5F-B7DF-194C3AD2B251}.Ad-Hoc|iPhone.Build.0 = Release|Any CPU
		{C5FB9FA7-22CE-4D5F-B7DF-194C3AD2B251}.Ad-Hoc|iPhone.Deploy.0 = Release|Any CPU
		{C5FB9FA7-22CE-4D5F-B7DF-194C3AD2B251}.Ad-Hoc|iPhoneSimulator.ActiveCfg = Release|Any CPU
		{C5FB9FA7-22CE-4D5F-B7DF-194C3AD2B251}.Ad-Hoc|iPhoneSimulator.Build.0 = Release|Any CPU
		{C5FB9FA7-22CE-4D5F-B7DF-194C3AD2B251}.Ad-Hoc|iPhoneSimulator.Deploy.0 = Release|Any CPU
		{C5FB9FA7-22CE-4D5F-B7DF-194C3AD2B251}.AppStore|Any CPU.ActiveCfg = Release|Any CPU
		{C5FB9FA7-22CE-4D5F-B7DF-194C3AD2B251}.AppStore|Any CPU.Build.0 = Release|Any CPU
		{C5FB9FA7-22CE-4D5F-B7DF-194C3AD2B251}.AppStore|Any CPU.Deploy.0 = Release|Any CPU
		{C5FB9FA7-22CE-4D5F-B7DF-194C3AD2B251}.AppStore|iPhone.ActiveCfg = Release|Any CPU
		{C5FB9FA7-22CE-4D5F-B7DF-194C3AD2B251}.AppStore|iPhone.Build.0 = Release|Any CPU
		{C5FB9FA7-22CE-4D5F-B7DF-194C3AD2B251}.AppStore|iPhone.Deploy.0 = Release|Any CPU
		{C5FB9FA7-22CE-4D5F-B7DF-194C3AD2B251}.AppStore|iPhoneSimulator.ActiveCfg = Release|Any CPU
		{C5FB9FA7-22CE-4D5F-B7DF-194C3AD2B251}.AppStore|iPhoneSimulator.Build.0 = Release|Any CPU
		{C5FB9FA7-22CE-4D5F-B7DF-194C3AD2B251}.AppStore|iPhoneSimulator.Deploy.0 = Release|Any CPU
		{C5FB9FA7-22CE-4D5F-B7DF-194C3AD2B251}.Debug|Any CPU.ActiveCfg = Debug|Any CPU
		{C5FB9FA7-22CE-4D5F-B7DF-194C3AD2B251}.Debug|Any CPU.Build.0 = Debug|Any CPU
		{C5FB9FA7-22CE-4D5F-B7DF-194C3AD2B251}.Debug|Any CPU.Deploy.0 = Debug|Any CPU
		{C5FB9FA7-22CE-4D5F-B7DF-194C3AD2B251}.Debug|iPhone.ActiveCfg = Debug|Any CPU
		{C5FB9FA7-22CE-4D5F-B7DF-194C3AD2B251}.Debug|iPhone.Build.0 = Debug|Any CPU
		{C5FB9FA7-22CE-4D5F-B7DF-194C3AD2B251}.Debug|iPhone.Deploy.0 = Debug|Any CPU
		{C5FB9FA7-22CE-4D5F-B7DF-194C3AD2B251}.Debug|iPhoneSimulator.ActiveCfg = Debug|Any CPU
		{C5FB9FA7-22CE-4D5F-B7DF-194C3AD2B251}.Debug|iPhoneSimulator.Build.0 = Debug|Any CPU
		{C5FB9FA7-22CE-4D5F-B7DF-194C3AD2B251}.Debug|iPhoneSimulator.Deploy.0 = Debug|Any CPU
		{C5FB9FA7-22CE-4D5F-B7DF-194C3AD2B251}.Release|Any CPU.ActiveCfg = Release|Any CPU
		{C5FB9FA7-22CE-4D5F-B7DF-194C3AD2B251}.Release|Any CPU.Build.0 = Release|Any CPU
		{C5FB9FA7-22CE-4D5F-B7DF-194C3AD2B251}.Release|Any CPU.Deploy.0 = Release|Any CPU
		{C5FB9FA7-22CE-4D5F-B7DF-194C3AD2B251}.Release|iPhone.ActiveCfg = Release|Any CPU
		{C5FB9FA7-22CE-4D5F-B7DF-194C3AD2B251}.Release|iPhone.Build.0 = Release|Any CPU
		{C5FB9FA7-22CE-4D5F-B7DF-194C3AD2B251}.Release|iPhone.Deploy.0 = Release|Any CPU
		{C5FB9FA7-22CE-4D5F-B7DF-194C3AD2B251}.Release|iPhoneSimulator.ActiveCfg = Release|Any CPU
		{C5FB9FA7-22CE-4D5F-B7DF-194C3AD2B251}.Release|iPhoneSimulator.Build.0 = Release|Any CPU
		{C5FB9FA7-22CE-4D5F-B7DF-194C3AD2B251}.Release|iPhoneSimulator.Deploy.0 = Release|Any CPU
		{3BBE4DA0-6FB9-4B0C-AFCD-7AB97F72E04B}.Ad-Hoc|Any CPU.ActiveCfg = Ad-Hoc|iPhone
		{3BBE4DA0-6FB9-4B0C-AFCD-7AB97F72E04B}.Ad-Hoc|Any CPU.Build.0 = Ad-Hoc|iPhone
		{3BBE4DA0-6FB9-4B0C-AFCD-7AB97F72E04B}.Ad-Hoc|Any CPU.Deploy.0 = Ad-Hoc|iPhone
		{3BBE4DA0-6FB9-4B0C-AFCD-7AB97F72E04B}.Ad-Hoc|iPhone.ActiveCfg = Ad-Hoc|iPhone
		{3BBE4DA0-6FB9-4B0C-AFCD-7AB97F72E04B}.Ad-Hoc|iPhone.Build.0 = Ad-Hoc|iPhone
		{3BBE4DA0-6FB9-4B0C-AFCD-7AB97F72E04B}.Ad-Hoc|iPhone.Deploy.0 = Ad-Hoc|iPhone
		{3BBE4DA0-6FB9-4B0C-AFCD-7AB97F72E04B}.Ad-Hoc|iPhoneSimulator.ActiveCfg = Ad-Hoc|iPhoneSimulator
		{3BBE4DA0-6FB9-4B0C-AFCD-7AB97F72E04B}.Ad-Hoc|iPhoneSimulator.Build.0 = Ad-Hoc|iPhoneSimulator
		{3BBE4DA0-6FB9-4B0C-AFCD-7AB97F72E04B}.Ad-Hoc|iPhoneSimulator.Deploy.0 = Ad-Hoc|iPhoneSimulator
		{3BBE4DA0-6FB9-4B0C-AFCD-7AB97F72E04B}.AppStore|Any CPU.ActiveCfg = AppStore|iPhone
		{3BBE4DA0-6FB9-4B0C-AFCD-7AB97F72E04B}.AppStore|Any CPU.Build.0 = AppStore|iPhone
		{3BBE4DA0-6FB9-4B0C-AFCD-7AB97F72E04B}.AppStore|Any CPU.Deploy.0 = AppStore|iPhone
		{3BBE4DA0-6FB9-4B0C-AFCD-7AB97F72E04B}.AppStore|iPhone.ActiveCfg = AppStore|iPhone
		{3BBE4DA0-6FB9-4B0C-AFCD-7AB97F72E04B}.AppStore|iPhone.Build.0 = AppStore|iPhone
		{3BBE4DA0-6FB9-4B0C-AFCD-7AB97F72E04B}.AppStore|iPhone.Deploy.0 = AppStore|iPhone
		{3BBE4DA0-6FB9-4B0C-AFCD-7AB97F72E04B}.AppStore|iPhoneSimulator.ActiveCfg = AppStore|iPhoneSimulator
		{3BBE4DA0-6FB9-4B0C-AFCD-7AB97F72E04B}.AppStore|iPhoneSimulator.Build.0 = AppStore|iPhoneSimulator
		{3BBE4DA0-6FB9-4B0C-AFCD-7AB97F72E04B}.AppStore|iPhoneSimulator.Deploy.0 = AppStore|iPhoneSimulator
		{3BBE4DA0-6FB9-4B0C-AFCD-7AB97F72E04B}.Debug|Any CPU.ActiveCfg = Debug|iPhoneSimulator
		{3BBE4DA0-6FB9-4B0C-AFCD-7AB97F72E04B}.Debug|Any CPU.Build.0 = Debug|iPhoneSimulator
		{3BBE4DA0-6FB9-4B0C-AFCD-7AB97F72E04B}.Debug|Any CPU.Deploy.0 = Debug|iPhoneSimulator
		{3BBE4DA0-6FB9-4B0C-AFCD-7AB97F72E04B}.Debug|iPhone.ActiveCfg = Debug|iPhone
		{3BBE4DA0-6FB9-4B0C-AFCD-7AB97F72E04B}.Debug|iPhone.Build.0 = Debug|iPhone
		{3BBE4DA0-6FB9-4B0C-AFCD-7AB97F72E04B}.Debug|iPhone.Deploy.0 = Debug|iPhone
		{3BBE4DA0-6FB9-4B0C-AFCD-7AB97F72E04B}.Debug|iPhoneSimulator.ActiveCfg = Debug|iPhoneSimulator
		{3BBE4DA0-6FB9-4B0C-AFCD-7AB97F72E04B}.Debug|iPhoneSimulator.Build.0 = Debug|iPhoneSimulator
		{3BBE4DA0-6FB9-4B0C-AFCD-7AB97F72E04B}.Debug|iPhoneSimulator.Deploy.0 = Debug|iPhoneSimulator
		{3BBE4DA0-6FB9-4B0C-AFCD-7AB97F72E04B}.Release|Any CPU.ActiveCfg = Release|iPhone
		{3BBE4DA0-6FB9-4B0C-AFCD-7AB97F72E04B}.Release|Any CPU.Build.0 = Release|iPhone
		{3BBE4DA0-6FB9-4B0C-AFCD-7AB97F72E04B}.Release|Any CPU.Deploy.0 = Release|iPhone
		{3BBE4DA0-6FB9-4B0C-AFCD-7AB97F72E04B}.Release|iPhone.ActiveCfg = Release|iPhone
		{3BBE4DA0-6FB9-4B0C-AFCD-7AB97F72E04B}.Release|iPhone.Build.0 = Release|iPhone
		{3BBE4DA0-6FB9-4B0C-AFCD-7AB97F72E04B}.Release|iPhone.Deploy.0 = Release|iPhone
		{3BBE4DA0-6FB9-4B0C-AFCD-7AB97F72E04B}.Release|iPhoneSimulator.ActiveCfg = Release|iPhoneSimulator
		{3BBE4DA0-6FB9-4B0C-AFCD-7AB97F72E04B}.Release|iPhoneSimulator.Build.0 = Release|iPhoneSimulator
		{3BBE4DA0-6FB9-4B0C-AFCD-7AB97F72E04B}.Release|iPhoneSimulator.Deploy.0 = Release|iPhoneSimulator
		{9947F925-B7A1-441D-84DE-1E034F15ABD2}.Ad-Hoc|Any CPU.ActiveCfg = Debug|Any CPU
		{9947F925-B7A1-441D-84DE-1E034F15ABD2}.Ad-Hoc|Any CPU.Build.0 = Debug|Any CPU
		{9947F925-B7A1-441D-84DE-1E034F15ABD2}.Ad-Hoc|Any CPU.Deploy.0 = Debug|Any CPU
		{9947F925-B7A1-441D-84DE-1E034F15ABD2}.Ad-Hoc|iPhone.ActiveCfg = Debug|Any CPU
		{9947F925-B7A1-441D-84DE-1E034F15ABD2}.Ad-Hoc|iPhone.Build.0 = Debug|Any CPU
		{9947F925-B7A1-441D-84DE-1E034F15ABD2}.Ad-Hoc|iPhone.Deploy.0 = Debug|Any CPU
		{9947F925-B7A1-441D-84DE-1E034F15ABD2}.Ad-Hoc|iPhoneSimulator.ActiveCfg = Debug|Any CPU
		{9947F925-B7A1-441D-84DE-1E034F15ABD2}.Ad-Hoc|iPhoneSimulator.Build.0 = Debug|Any CPU
		{9947F925-B7A1-441D-84DE-1E034F15ABD2}.Ad-Hoc|iPhoneSimulator.Deploy.0 = Debug|Any CPU
		{9947F925-B7A1-441D-84DE-1E034F15ABD2}.AppStore|Any CPU.ActiveCfg = Debug|Any CPU
		{9947F925-B7A1-441D-84DE-1E034F15ABD2}.AppStore|Any CPU.Build.0 = Debug|Any CPU
		{9947F925-B7A1-441D-84DE-1E034F15ABD2}.AppStore|Any CPU.Deploy.0 = Debug|Any CPU
		{9947F925-B7A1-441D-84DE-1E034F15ABD2}.AppStore|iPhone.ActiveCfg = Debug|Any CPU
		{9947F925-B7A1-441D-84DE-1E034F15ABD2}.AppStore|iPhone.Build.0 = Debug|Any CPU
		{9947F925-B7A1-441D-84DE-1E034F15ABD2}.AppStore|iPhone.Deploy.0 = Debug|Any CPU
		{9947F925-B7A1-441D-84DE-1E034F15ABD2}.AppStore|iPhoneSimulator.ActiveCfg = Debug|Any CPU
		{9947F925-B7A1-441D-84DE-1E034F15ABD2}.AppStore|iPhoneSimulator.Build.0 = Debug|Any CPU
		{9947F925-B7A1-441D-84DE-1E034F15ABD2}.AppStore|iPhoneSimulator.Deploy.0 = Debug|Any CPU
		{9947F925-B7A1-441D-84DE-1E034F15ABD2}.Debug|Any CPU.ActiveCfg = Debug|Any CPU
		{9947F925-B7A1-441D-84DE-1E034F15ABD2}.Debug|Any CPU.Build.0 = Debug|Any CPU
		{9947F925-B7A1-441D-84DE-1E034F15ABD2}.Debug|Any CPU.Deploy.0 = Debug|Any CPU
		{9947F925-B7A1-441D-84DE-1E034F15ABD2}.Debug|iPhone.ActiveCfg = Debug|Any CPU
		{9947F925-B7A1-441D-84DE-1E034F15ABD2}.Debug|iPhone.Build.0 = Debug|Any CPU
		{9947F925-B7A1-441D-84DE-1E034F15ABD2}.Debug|iPhone.Deploy.0 = Debug|Any CPU
		{9947F925-B7A1-441D-84DE-1E034F15ABD2}.Debug|iPhoneSimulator.ActiveCfg = Debug|Any CPU
		{9947F925-B7A1-441D-84DE-1E034F15ABD2}.Debug|iPhoneSimulator.Build.0 = Debug|Any CPU
		{9947F925-B7A1-441D-84DE-1E034F15ABD2}.Debug|iPhoneSimulator.Deploy.0 = Debug|Any CPU
		{9947F925-B7A1-441D-84DE-1E034F15ABD2}.Release|Any CPU.ActiveCfg = Release|Any CPU
		{9947F925-B7A1-441D-84DE-1E034F15ABD2}.Release|Any CPU.Build.0 = Release|Any CPU
		{9947F925-B7A1-441D-84DE-1E034F15ABD2}.Release|Any CPU.Deploy.0 = Release|Any CPU
		{9947F925-B7A1-441D-84DE-1E034F15ABD2}.Release|iPhone.ActiveCfg = Release|Any CPU
		{9947F925-B7A1-441D-84DE-1E034F15ABD2}.Release|iPhone.Build.0 = Release|Any CPU
		{9947F925-B7A1-441D-84DE-1E034F15ABD2}.Release|iPhone.Deploy.0 = Release|Any CPU
		{9947F925-B7A1-441D-84DE-1E034F15ABD2}.Release|iPhoneSimulator.ActiveCfg = Release|Any CPU
		{9947F925-B7A1-441D-84DE-1E034F15ABD2}.Release|iPhoneSimulator.Build.0 = Release|Any CPU
		{9947F925-B7A1-441D-84DE-1E034F15ABD2}.Release|iPhoneSimulator.Deploy.0 = Release|Any CPU
	EndGlobalSection
	GlobalSection(SolutionProperties) = preSolution
		HideSolutionNode = FALSE
	EndGlobalSection
	GlobalSection(ExtensibilityGlobals) = postSolution
		SolutionGuid = {2227AEF5-238D-4E34-AE35-73F8A0734C6F}
	EndGlobalSection
EndGlobal
